
Microsoft Visual Studio Solution File, Format Version 12.00
# Visual Studio 14
VisualStudioVersion = 14.0.24720.0
MinimumVisualStudioVersion = 10.0.40219.1
Project("{FAE04EC0-301F-11D3-BF4B-00C04F79EFBC}") = "ConsignementShop", "ConsignementShop\ConsignementShop.csproj", "{91348BFF-6F8E-4822-8D12-5B7CF4934E54}"
EndProject
Project("{FAE04EC0-301F-11D3-BF4B-00C04F79EFBC}") = "ConsignmentShopLibrary", "ConsignmentShopLibrary\ConsignmentShopLibrary.csproj", "{94585D4F-ED9C-44A3-9B63-95E0328F2811}"
EndProject
Global
	GlobalSection(SolutionConfigurationPlatforms) = preSolution
		Debug|Any CPU = Debug|Any CPU
		Release|Any CPU = Release|Any CPU
	EndGlobalSection
	GlobalSection(ProjectConfigurationPlatforms) = postSolution
		{91348BFF-6F8E-4822-8D12-5B7CF4934E54}.Debug|Any CPU.ActiveCfg = Debug|Any CPU
		{91348BFF-6F8E-4822-8D12-5B7CF4934E54}.Debug|Any CPU.Build.0 = Debug|Any CPU
		{91348BFF-6F8E-4822-8D12-5B7CF4934E54}.Release|Any CPU.ActiveCfg = Release|Any CPU
		{91348BFF-6F8E-4822-8D12-5B7CF4934E54}.Release|Any CPU.Build.0 = Release|Any CPU
		{94585D4F-ED9C-44A3-9B63-95E0328F2811}.Debug|Any CPU.ActiveCfg = Debug|Any CPU
		{94585D4F-ED9C-44A3-9B63-95E0328F2811}.Debug|Any CPU.Build.0 = Debug|Any CPU
		{94585D4F-ED9C-44A3-9B63-95E0328F2811}.Release|Any CPU.ActiveCfg = Release|Any CPU
		{94585D4F-ED9C-44A3-9B63-95E0328F2811}.Release|Any CPU.Build.0 = Release|Any CPU
	EndGlobalSection
	GlobalSection(SolutionProperties) = preSolution
		HideSolutionNode = FALSE
	EndGlobalSection
EndGlobal
